
Microsoft Visual Studio Solution File, Format Version 12.00
# Visual Studio Version 16
VisualStudioVersion = 16.0.28803.202
MinimumVisualStudioVersion = 10.0.40219.1
Project("{FAE04EC0-301F-11D3-BF4B-00C04F79EFBC}") = "Outlook_disable_attachment_preview", "Outlook_disable_attachment_preview.csproj", "{FF002DEC-45BD-4CF2-9481-521642A7833D}"
EndProject
Global
	GlobalSection(SolutionConfigurationPlatforms) = preSolution
		Debug|Any CPU = Debug|Any CPU
		Release|Any CPU = Release|Any CPU
	EndGlobalSection
	GlobalSection(ProjectConfigurationPlatforms) = postSolution
		{FF002DEC-45BD-4CF2-9481-521642A7833D}.Debug|Any CPU.ActiveCfg = Debug|Any CPU
		{FF002DEC-45BD-4CF2-9481-521642A7833D}.Debug|Any CPU.Build.0 = Debug|Any CPU
		{FF002DEC-45BD-4CF2-9481-521642A7833D}.Release|Any CPU.ActiveCfg = Release|Any CPU
		{FF002DEC-45BD-4CF2-9481-521642A7833D}.Release|Any CPU.Build.0 = Release|Any CPU
	EndGlobalSection
	GlobalSection(SolutionProperties) = preSolution
		HideSolutionNode = FALSE
	EndGlobalSection
	GlobalSection(ExtensibilityGlobals) = postSolution
		SolutionGuid = {A665A198-D5E4-4BAB-AA10-283001083921}
	EndGlobalSection
EndGlobal
